
Microsoft Visual Studio Solution File, Format Version 12.00
# Visual Studio Version 16
VisualStudioVersion = 16.0.29209.62
MinimumVisualStudioVersion = 10.0.40219.1
Project("{2150E333-8FDC-42A3-9474-1A3956D46DE8}") = "SharpGL", "SharpGL", "{F8845CCD-A7A6-4440-B74D-6E57FE9BE255}"
EndProject
Project("{FAE04EC0-301F-11D3-BF4B-00C04F79EFBC}") = "SharpGL", "SharpGL\SharpGL\SharpGL.csproj", "{5EF45533-E2C7-46F2-B4A3-B8F36CD406E0}"
EndProject
Project("{FAE04EC0-301F-11D3-BF4B-00C04F79EFBC}") = "SharpGL.WinForms", "SharpGL\SharpGL.WinForms\SharpGL.WinForms.csproj", "{B2984A6D-AD1C-4BE9-94AB-BA002B338751}"
EndProject
Project("{FAE04EC0-301F-11D3-BF4B-00C04F79EFBC}") = "SharpGL.SceneGraph", "SharpGL\SharpGL.SceneGraph\SharpGL.SceneGraph.csproj", "{47BCAA39-EDAD-4404-B6BD-4742B0ABB523}"
EndProject
Project("{2150E333-8FDC-42A3-9474-1A3956D46DE8}") = "LearnOpenGL", "LearnOpenGL", "{29F8DA07-545F-4D8D-8673-2FBCECB7D152}"
EndProject
Project("{2150E333-8FDC-42A3-9474-1A3956D46DE8}") = "resources", "resources", "{7AE8EA1F-6EFA-4653-A20C-EBE72B426581}"
EndProject
Project("{2150E333-8FDC-42A3-9474-1A3956D46DE8}") = "src", "src", "{4B3AA399-AE4B-4641-9ECB-F665FC353804}"
EndProject
Project("{2150E333-8FDC-42A3-9474-1A3956D46DE8}") = "1.getting_started", "1.getting_started", "{75CEC32A-E7DD-42C0-8029-96280F8AABE3}"
EndProject
Project("{2150E333-8FDC-42A3-9474-1A3956D46DE8}") = "2.lighting", "2.lighting", "{4F5FDE49-618A-4198-AF01-D592CB275FC9}"
EndProject
Project("{2150E333-8FDC-42A3-9474-1A3956D46DE8}") = "3.model_loading", "3.model_loading", "{2B8BD04D-057F-45B3-810D-D6116237AC23}"
EndProject
Project("{2150E333-8FDC-42A3-9474-1A3956D46DE8}") = "4.advanced_opengl", "4.advanced_opengl", "{56F0DEBA-F10B-4A67-959C-925F18DE9290}"
EndProject
Project("{2150E333-8FDC-42A3-9474-1A3956D46DE8}") = "5.advanced_lighting", "5.advanced_lighting", "{36A007B6-5FE4-4D20-B0AB-E89BAB244679}"
EndProject
Project("{2150E333-8FDC-42A3-9474-1A3956D46DE8}") = "6.pbr", "6.pbr", "{DC784A25-71CF-4C0A-86BA-47EF69B56D89}"
EndProject
Project("{2150E333-8FDC-42A3-9474-1A3956D46DE8}") = "7.in_practice", "7.in_practice", "{22F874B3-41CC-4758-8AFA-D591BDA0D9ED}"
EndProject
Project("{FAE04EC0-301F-11D3-BF4B-00C04F79EFBC}") = "1.1.hello_window", "LearnOpenGL\src\1.getting_started\1.1.hello_window\1.1.hello_window.csproj", "{5030683E-4012-495C-BA09-14373F9CDD82}"
EndProject
Project("{FAE04EC0-301F-11D3-BF4B-00C04F79EFBC}") = "1.2.hello_window_clear", "LearnOpenGL\src\1.getting_started\1.2.hello_window_clear\1.2.hello_window_clear.csproj", "{1FDF06C8-0BBB-4244-A965-DDA424CCD11C}"
EndProject
Project("{FAE04EC0-301F-11D3-BF4B-00C04F79EFBC}") = "2.1.hello_triangle", "LearnOpenGL\src\1.getting_started\2.1.hello_triangle\2.1.hello_triangle.csproj", "{7AB34C36-FEF6-41B2-B0A1-EBCF6B801196}"
EndProject
Project("{FAE04EC0-301F-11D3-BF4B-00C04F79EFBC}") = "2.2.hello_triangle_indexed", "LearnOpenGL\src\1.getting_started\2.2.hello_triangle_indexed\2.2.hello_triangle_indexed.csproj", "{027EE81E-A8F0-40C6-BEC8-A322AAE06F37}"
EndProject
Project("{FAE04EC0-301F-11D3-BF4B-00C04F79EFBC}") = "2.3.hello_triangle_exercise1", "LearnOpenGL\src\1.getting_started\2.3.hello_triangle_exercise1\2.3.hello_triangle_exercise1.csproj", "{CFCD965A-6A6F-4427-8B27-75E98E451601}"
EndProject
Project("{FAE04EC0-301F-11D3-BF4B-00C04F79EFBC}") = "2.4.hello_triangle_exercise2", "LearnOpenGL\src\1.getting_started\2.4.hello_triangle_exercise2\2.4.hello_triangle_exercise2.csproj", "{77A4026E-4988-4889-85BA-38AA1EDBA403}"
EndProject
Project("{FAE04EC0-301F-11D3-BF4B-00C04F79EFBC}") = "2.5.hello_triangle_exercise3", "LearnOpenGL\src\1.getting_started\2.5.hello_triangle_exercise3\2.5.hello_triangle_exercise3.csproj", "{3298FD1D-5809-45C5-8AA5-38B8D07F4B00}"
EndProject
Project("{FAE04EC0-301F-11D3-BF4B-00C04F79EFBC}") = "3.1.shaders_uniform", "LearnOpenGL\src\1.getting_started\3.1.shaders_uniform\3.1.shaders_uniform.csproj", "{3CE0FDCA-E30F-4C81-B18D-5EFA1B2DD0C1}"
EndProject
Project("{FAE04EC0-301F-11D3-BF4B-00C04F79EFBC}") = "3.2.shaders_interpolation", "LearnOpenGL\src\1.getting_started\3.2.shaders_interpolation\3.2.shaders_interpolation.csproj", "{DC479C4A-59BC-4974-AAF1-B1FE80C10A67}"
EndProject
Project("{FAE04EC0-301F-11D3-BF4B-00C04F79EFBC}") = "3.3.shaders_class", "LearnOpenGL\src\1.getting_started\3.3.shaders_class\3.3.shaders_class.csproj", "{ADD31D03-2169-40AB-BA15-43E295EFCF0C}"
EndProject
Project("{FAE04EC0-301F-11D3-BF4B-00C04F79EFBC}") = "4.1.textures", "LearnOpenGL\src\1.getting_started\4.1.textures\4.1.textures.csproj", "{370E84B3-3CCE-45AB-BB71-FC6B456950BF}"
EndProject
Project("{FAE04EC0-301F-11D3-BF4B-00C04F79EFBC}") = "4.2.textures_combined", "LearnOpenGL\src\1.getting_started\4.2.textures_combined\4.2.textures_combined.csproj", "{BE837E58-866F-4F8E-94B7-176C2663A3D4}"
EndProject
Project("{FAE04EC0-301F-11D3-BF4B-00C04F79EFBC}") = "4.3.textures_exercise2", "LearnOpenGL\src\1.getting_started\4.3.textures_exercise2\4.3.textures_exercise2.csproj", "{B1E20F3F-F507-4797-91C3-4918005DD0F5}"
EndProject
Project("{FAE04EC0-301F-11D3-BF4B-00C04F79EFBC}") = "4.4.textures_exercise3", "LearnOpenGL\src\1.getting_started\4.4.textures_exercise3\4.4.textures_exercise3.csproj", "{96042AFB-6F7F-4C17-B306-AFA47AB72611}"
EndProject
Project("{FAE04EC0-301F-11D3-BF4B-00C04F79EFBC}") = "4.5.textures_exercise4", "LearnOpenGL\src\1.getting_started\4.5.textures_exercise4\4.5.textures_exercise4.csproj", "{211F8F72-C7D8-4D45-A005-F4869215D909}"
EndProject
Project("{FAE04EC0-301F-11D3-BF4B-00C04F79EFBC}") = "5.1.transformations", "LearnOpenGL\src\1.getting_started\5.1.transformations\5.1.transformations.csproj", "{A526C718-B0F4-452B-8691-63792AFB667A}"
EndProject
Project("{FAE04EC0-301F-11D3-BF4B-00C04F79EFBC}") = "5.2.transformations_exercise2", "LearnOpenGL\src\1.getting_started\5.2.transformations_exercise2\5.2.transformations_exercise2.csproj", "{19D5CE4E-D1A3-467F-874F-9462CCAEDF71}"
EndProject
Project("{FAE04EC0-301F-11D3-BF4B-00C04F79EFBC}") = "6.1.coordinate_systems", "LearnOpenGL\src\1.getting_started\6.1.coordinate_systems\6.1.coordinate_systems.csproj", "{ED7C7786-CEBD-4D58-A374-F43B6F8BD44A}"
EndProject
Project("{FAE04EC0-301F-11D3-BF4B-00C04F79EFBC}") = "6.2.coordinate_systems_depth", "LearnOpenGL\src\1.getting_started\6.2.coordinate_systems_depth\6.2.coordinate_systems_depth.csproj", "{B78EEB7F-8F36-4378-94FF-5A2142A3150E}"
EndProject
Project("{FAE04EC0-301F-11D3-BF4B-00C04F79EFBC}") = "6.3.coordinate_systems_multiple", "LearnOpenGL\src\1.getting_started\6.3.coordinate_systems_multiple\6.3.coordinate_systems_multiple.csproj", "{5CDD4709-9C83-4298-B5BA-7C9DBCE80703}"
EndProject
Project("{FAE04EC0-301F-11D3-BF4B-00C04F79EFBC}") = "7.1.camera_circle", "LearnOpenGL\src\1.getting_started\7.1.camera_circle\7.1.camera_circle.csproj", "{3793E452-7BB7-4B9E-98C4-219A2562EAAE}"
EndProject
Project("{FAE04EC0-301F-11D3-BF4B-00C04F79EFBC}") = "7.2.camera_keyboard_dt", "LearnOpenGL\src\1.getting_started\7.2.camera_keyboard_dt\7.2.camera_keyboard_dt.csproj", "{7E274A6D-1A37-4283-B162-5B43FD02FD0E}"
EndProject
Project("{FAE04EC0-301F-11D3-BF4B-00C04F79EFBC}") = "7.3.camera_mouse_zoom", "LearnOpenGL\src\1.getting_started\7.3.camera_mouse_zoom\7.3.camera_mouse_zoom.csproj", "{BABFE182-7A59-4D7F-BD5C-782A19C424B7}"
EndProject
Project("{FAE04EC0-301F-11D3-BF4B-00C04F79EFBC}") = "7.4.camera_class", "LearnOpenGL\src\1.getting_started\7.4.camera_class\7.4.camera_class.csproj", "{91C34B11-7A8C-49AB-95E1-F1AC8E3022CD}"
EndProject
Project("{FAE04EC0-301F-11D3-BF4B-00C04F79EFBC}") = "1.colors", "LearnOpenGL\src\2.lighting\1.colors\1.colors.csproj", "{38CDDC94-0087-4BA9-8853-F54513B2E299}"
EndProject
Project("{FAE04EC0-301F-11D3-BF4B-00C04F79EFBC}") = "2.1.basic_lighting_diffuse", "LearnOpenGL\src\2.lighting\2.1.basic_lighting_diffuse\2.1.basic_lighting_diffuse.csproj", "{9EF0503F-04E1-478A-8436-B9CAC19FA3CA}"
EndProject
Project("{FAE04EC0-301F-11D3-BF4B-00C04F79EFBC}") = "2.2.basic_lighting_specular", "LearnOpenGL\src\2.lighting\2.2.basic_lighting_specular\2.2.basic_lighting_specular.csproj", "{90A46D18-6A46-41FE-8420-04C505C745D7}"
EndProject
Project("{FAE04EC0-301F-11D3-BF4B-00C04F79EFBC}") = "3.1.materials", "LearnOpenGL\src\2.lighting\3.1.materials\3.1.materials.csproj", "{10E9876B-E989-43E7-9F40-F771FC71C316}"
EndProject
Project("{FAE04EC0-301F-11D3-BF4B-00C04F79EFBC}") = "3.2.materials_exercise1", "LearnOpenGL\src\2.lighting\3.2.materials_exercise1\3.2.materials_exercise1.csproj", "{5B127EAA-2629-4258-ACA4-B9988DD473A6}"
EndProject
Project("{FAE04EC0-301F-11D3-BF4B-00C04F79EFBC}") = "4.1.lighting_maps_diffuse_map", "LearnOpenGL\src\2.lighting\4.1.lighting_maps_diffuse_map\4.1.lighting_maps_diffuse_map.csproj", "{00407ED9-87E2-46CF-A26E-68AB1960A5D8}"
EndProject
Project("{FAE04EC0-301F-11D3-BF4B-00C04F79EFBC}") = "4.2.lighting_maps_specular_map", "LearnOpenGL\src\2.lighting\4.2.lighting_maps_specular_map\4.2.lighting_maps_specular_map.csproj", "{6DAEF147-F851-43C4-8573-0FA329A1B5B6}"
EndProject
Project("{FAE04EC0-301F-11D3-BF4B-00C04F79EFBC}") = "4.3.lighting_maps_exercise4", "LearnOpenGL\src\2.lighting\4.3.lighting_maps_exercise4\4.3.lighting_maps_exercise4.csproj", "{DA5DAD98-C2AD-48B3-B906-EF4D4E017B36}"
EndProject
Project("{FAE04EC0-301F-11D3-BF4B-00C04F79EFBC}") = "5.1.light_casters_directional", "LearnOpenGL\src\2.lighting\5.1.light_casters_directional\5.1.light_casters_directional.csproj", "{94D7AC35-06D7-4250-863D-185C4464606B}"
EndProject
Project("{FAE04EC0-301F-11D3-BF4B-00C04F79EFBC}") = "5.2.light_casters_point", "LearnOpenGL\src\2.lighting\5.2.light_casters_point\5.2.light_casters_point.csproj", "{1615BED1-E81A-464B-A5B2-FB30B4F299E8}"
EndProject
Project("{FAE04EC0-301F-11D3-BF4B-00C04F79EFBC}") = "5.3.light_casters_spot", "LearnOpenGL\src\2.lighting\5.3.light_casters_spot\5.3.light_casters_spot.csproj", "{A5CED1CE-3CE9-4FBC-8A54-ECF0AF63702D}"
EndProject
Project("{FAE04EC0-301F-11D3-BF4B-00C04F79EFBC}") = "5.4.light_casters_spot_soft", "LearnOpenGL\src\2.lighting\5.4.light_casters_spot_soft\5.4.light_casters_spot_soft.csproj", "{3E096332-CC30-41E7-A363-8E0482B64636}"
EndProject
Project("{FAE04EC0-301F-11D3-BF4B-00C04F79EFBC}") = "6.multiple_lights", "LearnOpenGL\src\2.lighting\6.multiple_lights\6.multiple_lights.csproj", "{B8F5E6D5-2B70-42D2-A128-5AB2FB2395F8}"
EndProject
Project("{FAE04EC0-301F-11D3-BF4B-00C04F79EFBC}") = "1.model_loading", "LearnOpenGL\src\3.model_loading\1.model_loading\1.model_loading.csproj", "{EFCEB806-85EE-40BC-95FF-8E81F3C6B011}"
EndProject
Project("{FAE04EC0-301F-11D3-BF4B-00C04F79EFBC}") = "1.1.depth_testing", "LearnOpenGL\src\4.advanced_opengl\1.1.depth_testing\1.1.depth_testing.csproj", "{B4C6F565-88B3-41A5-AEF6-3A2612E5736F}"
EndProject
Project("{FAE04EC0-301F-11D3-BF4B-00C04F79EFBC}") = "1.2.depth_testing_view", "LearnOpenGL\src\4.advanced_opengl\1.2.depth_testing_view\1.2.depth_testing_view.csproj", "{85520B79-44DA-4FE1-B7EA-0C8D922E16AA}"
EndProject
Project("{FAE04EC0-301F-11D3-BF4B-00C04F79EFBC}") = "2.stencil_testing", "LearnOpenGL\src\4.advanced_opengl\2.stencil_testing\2.stencil_testing.csproj", "{44037891-0E84-446A-9AFA-218CD9DB9DA7}"
EndProject
Project("{FAE04EC0-301F-11D3-BF4B-00C04F79EFBC}") = "3.1.blending_discard", "LearnOpenGL\src\4.advanced_opengl\3.1.blending_discard\3.1.blending_discard.csproj", "{5DF2ED5C-7900-4E3C-A7ED-DF4E2A2479C0}"
EndProject
Project("{FAE04EC0-301F-11D3-BF4B-00C04F79EFBC}") = "3.2.blending_sort", "LearnOpenGL\src\4.advanced_opengl\3.2.blending_sort\3.2.blending_sort.csproj", "{E03A2703-FDB1-4CAA-93C6-CB042AA809A1}"
EndProject
Project("{FAE04EC0-301F-11D3-BF4B-00C04F79EFBC}") = "5.1.framebuffers", "LearnOpenGL\src\4.advanced_opengl\5.1.framebuffers\5.1.framebuffers.csproj", "{25F9503E-8034-4BC9-B233-63DFD4E33B0A}"
EndProject
Project("{FAE04EC0-301F-11D3-BF4B-00C04F79EFBC}") = "5.2.framebuffers_exercise1", "LearnOpenGL\src\4.advanced_opengl\5.2.framebuffers_exercise1\5.2.framebuffers_exercise1.csproj", "{1E1BF643-A25A-4F02-9904-88FA89EA667B}"
EndProject
Project("{FAE04EC0-301F-11D3-BF4B-00C04F79EFBC}") = "6.1.cubemaps_skybox", "LearnOpenGL\src\4.advanced_opengl\6.1.cubemaps_skybox\6.1.cubemaps_skybox.csproj", "{20459FEE-2111-4421-9FF6-BCBA8A237F34}"
EndProject
Project("{FAE04EC0-301F-11D3-BF4B-00C04F79EFBC}") = "6.2.cubemaps_environment_mapping", "LearnOpenGL\src\4.advanced_opengl\6.2.cubemaps_environment_mapping\6.2.cubemaps_environment_mapping.csproj", "{F01465C0-E77A-4A0B-8A2E-70F030DF0703}"
EndProject
Global
	GlobalSection(SolutionConfigurationPlatforms) = preSolution
		Debug|Any CPU = Debug|Any CPU
		Release|Any CPU = Release|Any CPU
	EndGlobalSection
	GlobalSection(ProjectConfigurationPlatforms) = postSolution
		{5EF45533-E2C7-46F2-B4A3-B8F36CD406E0}.Debug|Any CPU.ActiveCfg = Debug|Any CPU
		{5EF45533-E2C7-46F2-B4A3-B8F36CD406E0}.Debug|Any CPU.Build.0 = Debug|Any CPU
		{5EF45533-E2C7-46F2-B4A3-B8F36CD406E0}.Release|Any CPU.ActiveCfg = Release|Any CPU
		{5EF45533-E2C7-46F2-B4A3-B8F36CD406E0}.Release|Any CPU.Build.0 = Release|Any CPU
		{B2984A6D-AD1C-4BE9-94AB-BA002B338751}.Debug|Any CPU.ActiveCfg = Debug|Any CPU
		{B2984A6D-AD1C-4BE9-94AB-BA002B338751}.Debug|Any CPU.Build.0 = Debug|Any CPU
		{B2984A6D-AD1C-4BE9-94AB-BA002B338751}.Release|Any CPU.ActiveCfg = Release|Any CPU
		{B2984A6D-AD1C-4BE9-94AB-BA002B338751}.Release|Any CPU.Build.0 = Release|Any CPU
		{47BCAA39-EDAD-4404-B6BD-4742B0ABB523}.Debug|Any CPU.ActiveCfg = Debug|Any CPU
		{47BCAA39-EDAD-4404-B6BD-4742B0ABB523}.Debug|Any CPU.Build.0 = Debug|Any CPU
		{47BCAA39-EDAD-4404-B6BD-4742B0ABB523}.Release|Any CPU.ActiveCfg = Release|Any CPU
		{47BCAA39-EDAD-4404-B6BD-4742B0ABB523}.Release|Any CPU.Build.0 = Release|Any CPU
		{5030683E-4012-495C-BA09-14373F9CDD82}.Debug|Any CPU.ActiveCfg = Debug|Any CPU
		{5030683E-4012-495C-BA09-14373F9CDD82}.Debug|Any CPU.Build.0 = Debug|Any CPU
		{5030683E-4012-495C-BA09-14373F9CDD82}.Release|Any CPU.ActiveCfg = Release|Any CPU
		{5030683E-4012-495C-BA09-14373F9CDD82}.Release|Any CPU.Build.0 = Release|Any CPU
		{1FDF06C8-0BBB-4244-A965-DDA424CCD11C}.Debug|Any CPU.ActiveCfg = Debug|Any CPU
		{1FDF06C8-0BBB-4244-A965-DDA424CCD11C}.Debug|Any CPU.Build.0 = Debug|Any CPU
		{1FDF06C8-0BBB-4244-A965-DDA424CCD11C}.Release|Any CPU.ActiveCfg = Release|Any CPU
		{1FDF06C8-0BBB-4244-A965-DDA424CCD11C}.Release|Any CPU.Build.0 = Release|Any CPU
		{7AB34C36-FEF6-41B2-B0A1-EBCF6B801196}.Debug|Any CPU.ActiveCfg = Debug|Any CPU
		{7AB34C36-FEF6-41B2-B0A1-EBCF6B801196}.Debug|Any CPU.Build.0 = Debug|Any CPU
		{7AB34C36-FEF6-41B2-B0A1-EBCF6B801196}.Release|Any CPU.ActiveCfg = Release|Any CPU
		{7AB34C36-FEF6-41B2-B0A1-EBCF6B801196}.Release|Any CPU.Build.0 = Release|Any CPU
		{027EE81E-A8F0-40C6-BEC8-A322AAE06F37}.Debug|Any CPU.ActiveCfg = Debug|Any CPU
		{027EE81E-A8F0-40C6-BEC8-A322AAE06F37}.Debug|Any CPU.Build.0 = Debug|Any CPU
		{027EE81E-A8F0-40C6-BEC8-A322AAE06F37}.Release|Any CPU.ActiveCfg = Release|Any CPU
		{027EE81E-A8F0-40C6-BEC8-A322AAE06F37}.Release|Any CPU.Build.0 = Release|Any CPU
		{CFCD965A-6A6F-4427-8B27-75E98E451601}.Debug|Any CPU.ActiveCfg = Debug|Any CPU
		{CFCD965A-6A6F-4427-8B27-75E98E451601}.Debug|Any CPU.Build.0 = Debug|Any CPU
		{CFCD965A-6A6F-4427-8B27-75E98E451601}.Release|Any CPU.ActiveCfg = Release|Any CPU
		{CFCD965A-6A6F-4427-8B27-75E98E451601}.Release|Any CPU.Build.0 = Release|Any CPU
		{77A4026E-4988-4889-85BA-38AA1EDBA403}.Debug|Any CPU.ActiveCfg = Debug|Any CPU
		{77A4026E-4988-4889-85BA-38AA1EDBA403}.Debug|Any CPU.Build.0 = Debug|Any CPU
		{77A4026E-4988-4889-85BA-38AA1EDBA403}.Release|Any CPU.ActiveCfg = Release|Any CPU
		{77A4026E-4988-4889-85BA-38AA1EDBA403}.Release|Any CPU.Build.0 = Release|Any CPU
		{3298FD1D-5809-45C5-8AA5-38B8D07F4B00}.Debug|Any CPU.ActiveCfg = Debug|Any CPU
		{3298FD1D-5809-45C5-8AA5-38B8D07F4B00}.Debug|Any CPU.Build.0 = Debug|Any CPU
		{3298FD1D-5809-45C5-8AA5-38B8D07F4B00}.Release|Any CPU.ActiveCfg = Release|Any CPU
		{3298FD1D-5809-45C5-8AA5-38B8D07F4B00}.Release|Any CPU.Build.0 = Release|Any CPU
		{3CE0FDCA-E30F-4C81-B18D-5EFA1B2DD0C1}.Debug|Any CPU.ActiveCfg = Debug|Any CPU
		{3CE0FDCA-E30F-4C81-B18D-5EFA1B2DD0C1}.Debug|Any CPU.Build.0 = Debug|Any CPU
		{3CE0FDCA-E30F-4C81-B18D-5EFA1B2DD0C1}.Release|Any CPU.ActiveCfg = Release|Any CPU
		{3CE0FDCA-E30F-4C81-B18D-5EFA1B2DD0C1}.Release|Any CPU.Build.0 = Release|Any CPU
		{DC479C4A-59BC-4974-AAF1-B1FE80C10A67}.Debug|Any CPU.ActiveCfg = Debug|Any CPU
		{DC479C4A-59BC-4974-AAF1-B1FE80C10A67}.Debug|Any CPU.Build.0 = Debug|Any CPU
		{DC479C4A-59BC-4974-AAF1-B1FE80C10A67}.Release|Any CPU.ActiveCfg = Release|Any CPU
		{DC479C4A-59BC-4974-AAF1-B1FE80C10A67}.Release|Any CPU.Build.0 = Release|Any CPU
		{ADD31D03-2169-40AB-BA15-43E295EFCF0C}.Debug|Any CPU.ActiveCfg = Debug|Any CPU
		{ADD31D03-2169-40AB-BA15-43E295EFCF0C}.Debug|Any CPU.Build.0 = Debug|Any CPU
		{ADD31D03-2169-40AB-BA15-43E295EFCF0C}.Release|Any CPU.ActiveCfg = Release|Any CPU
		{ADD31D03-2169-40AB-BA15-43E295EFCF0C}.Release|Any CPU.Build.0 = Release|Any CPU
		{370E84B3-3CCE-45AB-BB71-FC6B456950BF}.Debug|Any CPU.ActiveCfg = Debug|Any CPU
		{370E84B3-3CCE-45AB-BB71-FC6B456950BF}.Debug|Any CPU.Build.0 = Debug|Any CPU
		{370E84B3-3CCE-45AB-BB71-FC6B456950BF}.Release|Any CPU.ActiveCfg = Release|Any CPU
		{370E84B3-3CCE-45AB-BB71-FC6B456950BF}.Release|Any CPU.Build.0 = Release|Any CPU
		{BE837E58-866F-4F8E-94B7-176C2663A3D4}.Debug|Any CPU.ActiveCfg = Debug|Any CPU
		{BE837E58-866F-4F8E-94B7-176C2663A3D4}.Debug|Any CPU.Build.0 = Debug|Any CPU
		{BE837E58-866F-4F8E-94B7-176C2663A3D4}.Release|Any CPU.ActiveCfg = Release|Any CPU
		{BE837E58-866F-4F8E-94B7-176C2663A3D4}.Release|Any CPU.Build.0 = Release|Any CPU
		{B1E20F3F-F507-4797-91C3-4918005DD0F5}.Debug|Any CPU.ActiveCfg = Debug|Any CPU
		{B1E20F3F-F507-4797-91C3-4918005DD0F5}.Debug|Any CPU.Build.0 = Debug|Any CPU
		{B1E20F3F-F507-4797-91C3-4918005DD0F5}.Release|Any CPU.ActiveCfg = Release|Any CPU
		{B1E20F3F-F507-4797-91C3-4918005DD0F5}.Release|Any CPU.Build.0 = Release|Any CPU
		{96042AFB-6F7F-4C17-B306-AFA47AB72611}.Debug|Any CPU.ActiveCfg = Debug|Any CPU
		{96042AFB-6F7F-4C17-B306-AFA47AB72611}.Debug|Any CPU.Build.0 = Debug|Any CPU
		{96042AFB-6F7F-4C17-B306-AFA47AB72611}.Release|Any CPU.ActiveCfg = Release|Any CPU
		{96042AFB-6F7F-4C17-B306-AFA47AB72611}.Release|Any CPU.Build.0 = Release|Any CPU
		{211F8F72-C7D8-4D45-A005-F4869215D909}.Debug|Any CPU.ActiveCfg = Debug|Any CPU
		{211F8F72-C7D8-4D45-A005-F4869215D909}.Debug|Any CPU.Build.0 = Debug|Any CPU
		{211F8F72-C7D8-4D45-A005-F4869215D909}.Release|Any CPU.ActiveCfg = Release|Any CPU
		{211F8F72-C7D8-4D45-A005-F4869215D909}.Release|Any CPU.Build.0 = Release|Any CPU
		{A526C718-B0F4-452B-8691-63792AFB667A}.Debug|Any CPU.ActiveCfg = Debug|Any CPU
		{A526C718-B0F4-452B-8691-63792AFB667A}.Debug|Any CPU.Build.0 = Debug|Any CPU
		{A526C718-B0F4-452B-8691-63792AFB667A}.Release|Any CPU.ActiveCfg = Release|Any CPU
		{A526C718-B0F4-452B-8691-63792AFB667A}.Release|Any CPU.Build.0 = Release|Any CPU
		{19D5CE4E-D1A3-467F-874F-9462CCAEDF71}.Debug|Any CPU.ActiveCfg = Debug|Any CPU
		{19D5CE4E-D1A3-467F-874F-9462CCAEDF71}.Debug|Any CPU.Build.0 = Debug|Any CPU
		{19D5CE4E-D1A3-467F-874F-9462CCAEDF71}.Release|Any CPU.ActiveCfg = Release|Any CPU
		{19D5CE4E-D1A3-467F-874F-9462CCAEDF71}.Release|Any CPU.Build.0 = Release|Any CPU
		{ED7C7786-CEBD-4D58-A374-F43B6F8BD44A}.Debug|Any CPU.ActiveCfg = Debug|Any CPU
		{ED7C7786-CEBD-4D58-A374-F43B6F8BD44A}.Debug|Any CPU.Build.0 = Debug|Any CPU
		{ED7C7786-CEBD-4D58-A374-F43B6F8BD44A}.Release|Any CPU.ActiveCfg = Release|Any CPU
		{ED7C7786-CEBD-4D58-A374-F43B6F8BD44A}.Release|Any CPU.Build.0 = Release|Any CPU
		{B78EEB7F-8F36-4378-94FF-5A2142A3150E}.Debug|Any CPU.ActiveCfg = Debug|Any CPU
		{B78EEB7F-8F36-4378-94FF-5A2142A3150E}.Debug|Any CPU.Build.0 = Debug|Any CPU
		{B78EEB7F-8F36-4378-94FF-5A2142A3150E}.Release|Any CPU.ActiveCfg = Release|Any CPU
		{B78EEB7F-8F36-4378-94FF-5A2142A3150E}.Release|Any CPU.Build.0 = Release|Any CPU
		{5CDD4709-9C83-4298-B5BA-7C9DBCE80703}.Debug|Any CPU.ActiveCfg = Debug|Any CPU
		{5CDD4709-9C83-4298-B5BA-7C9DBCE80703}.Debug|Any CPU.Build.0 = Debug|Any CPU
		{5CDD4709-9C83-4298-B5BA-7C9DBCE80703}.Release|Any CPU.ActiveCfg = Release|Any CPU
		{5CDD4709-9C83-4298-B5BA-7C9DBCE80703}.Release|Any CPU.Build.0 = Release|Any CPU
		{3793E452-7BB7-4B9E-98C4-219A2562EAAE}.Debug|Any CPU.ActiveCfg = Debug|Any CPU
		{3793E452-7BB7-4B9E-98C4-219A2562EAAE}.Debug|Any CPU.Build.0 = Debug|Any CPU
		{3793E452-7BB7-4B9E-98C4-219A2562EAAE}.Release|Any CPU.ActiveCfg = Release|Any CPU
		{3793E452-7BB7-4B9E-98C4-219A2562EAAE}.Release|Any CPU.Build.0 = Release|Any CPU
		{7E274A6D-1A37-4283-B162-5B43FD02FD0E}.Debug|Any CPU.ActiveCfg = Debug|Any CPU
		{7E274A6D-1A37-4283-B162-5B43FD02FD0E}.Debug|Any CPU.Build.0 = Debug|Any CPU
		{7E274A6D-1A37-4283-B162-5B43FD02FD0E}.Release|Any CPU.ActiveCfg = Release|Any CPU
		{7E274A6D-1A37-4283-B162-5B43FD02FD0E}.Release|Any CPU.Build.0 = Release|Any CPU
		{BABFE182-7A59-4D7F-BD5C-782A19C424B7}.Debug|Any CPU.ActiveCfg = Debug|Any CPU
		{BABFE182-7A59-4D7F-BD5C-782A19C424B7}.Debug|Any CPU.Build.0 = Debug|Any CPU
		{BABFE182-7A59-4D7F-BD5C-782A19C424B7}.Release|Any CPU.ActiveCfg = Release|Any CPU
		{BABFE182-7A59-4D7F-BD5C-782A19C424B7}.Release|Any CPU.Build.0 = Release|Any CPU
		{91C34B11-7A8C-49AB-95E1-F1AC8E3022CD}.Debug|Any CPU.ActiveCfg = Debug|Any CPU
		{91C34B11-7A8C-49AB-95E1-F1AC8E3022CD}.Debug|Any CPU.Build.0 = Debug|Any CPU
		{91C34B11-7A8C-49AB-95E1-F1AC8E3022CD}.Release|Any CPU.ActiveCfg = Release|Any CPU
		{91C34B11-7A8C-49AB-95E1-F1AC8E3022CD}.Release|Any CPU.Build.0 = Release|Any CPU
		{38CDDC94-0087-4BA9-8853-F54513B2E299}.Debug|Any CPU.ActiveCfg = Debug|Any CPU
		{38CDDC94-0087-4BA9-8853-F54513B2E299}.Debug|Any CPU.Build.0 = Debug|Any CPU
		{38CDDC94-0087-4BA9-8853-F54513B2E299}.Release|Any CPU.ActiveCfg = Release|Any CPU
		{38CDDC94-0087-4BA9-8853-F54513B2E299}.Release|Any CPU.Build.0 = Release|Any CPU
		{9EF0503F-04E1-478A-8436-B9CAC19FA3CA}.Debug|Any CPU.ActiveCfg = Debug|Any CPU
		{9EF0503F-04E1-478A-8436-B9CAC19FA3CA}.Debug|Any CPU.Build.0 = Debug|Any CPU
		{9EF0503F-04E1-478A-8436-B9CAC19FA3CA}.Release|Any CPU.ActiveCfg = Release|Any CPU
		{9EF0503F-04E1-478A-8436-B9CAC19FA3CA}.Release|Any CPU.Build.0 = Release|Any CPU
		{90A46D18-6A46-41FE-8420-04C505C745D7}.Debug|Any CPU.ActiveCfg = Debug|Any CPU
		{90A46D18-6A46-41FE-8420-04C505C745D7}.Debug|Any CPU.Build.0 = Debug|Any CPU
		{90A46D18-6A46-41FE-8420-04C505C745D7}.Release|Any CPU.ActiveCfg = Release|Any CPU
		{90A46D18-6A46-41FE-8420-04C505C745D7}.Release|Any CPU.Build.0 = Release|Any CPU
		{10E9876B-E989-43E7-9F40-F771FC71C316}.Debug|Any CPU.ActiveCfg = Debug|Any CPU
		{10E9876B-E989-43E7-9F40-F771FC71C316}.Debug|Any CPU.Build.0 = Debug|Any CPU
		{10E9876B-E989-43E7-9F40-F771FC71C316}.Release|Any CPU.ActiveCfg = Release|Any CPU
		{10E9876B-E989-43E7-9F40-F771FC71C316}.Release|Any CPU.Build.0 = Release|Any CPU
		{5B127EAA-2629-4258-ACA4-B9988DD473A6}.Debug|Any CPU.ActiveCfg = Debug|Any CPU
		{5B127EAA-2629-4258-ACA4-B9988DD473A6}.Debug|Any CPU.Build.0 = Debug|Any CPU
		{5B127EAA-2629-4258-ACA4-B9988DD473A6}.Release|Any CPU.ActiveCfg = Release|Any CPU
		{5B127EAA-2629-4258-ACA4-B9988DD473A6}.Release|Any CPU.Build.0 = Release|Any CPU
		{00407ED9-87E2-46CF-A26E-68AB1960A5D8}.Debug|Any CPU.ActiveCfg = Debug|Any CPU
		{00407ED9-87E2-46CF-A26E-68AB1960A5D8}.Debug|Any CPU.Build.0 = Debug|Any CPU
		{00407ED9-87E2-46CF-A26E-68AB1960A5D8}.Release|Any CPU.ActiveCfg = Release|Any CPU
		{00407ED9-87E2-46CF-A26E-68AB1960A5D8}.Release|Any CPU.Build.0 = Release|Any CPU
		{6DAEF147-F851-43C4-8573-0FA329A1B5B6}.Debug|Any CPU.ActiveCfg = Debug|Any CPU
		{6DAEF147-F851-43C4-8573-0FA329A1B5B6}.Debug|Any CPU.Build.0 = Debug|Any CPU
		{6DAEF147-F851-43C4-8573-0FA329A1B5B6}.Release|Any CPU.ActiveCfg = Release|Any CPU
		{6DAEF147-F851-43C4-8573-0FA329A1B5B6}.Release|Any CPU.Build.0 = Release|Any CPU
		{DA5DAD98-C2AD-48B3-B906-EF4D4E017B36}.Debug|Any CPU.ActiveCfg = Debug|Any CPU
		{DA5DAD98-C2AD-48B3-B906-EF4D4E017B36}.Debug|Any CPU.Build.0 = Debug|Any CPU
		{DA5DAD98-C2AD-48B3-B906-EF4D4E017B36}.Release|Any CPU.ActiveCfg = Release|Any CPU
		{DA5DAD98-C2AD-48B3-B906-EF4D4E017B36}.Release|Any CPU.Build.0 = Release|Any CPU
		{94D7AC35-06D7-4250-863D-185C4464606B}.Debug|Any CPU.ActiveCfg = Debug|Any CPU
		{94D7AC35-06D7-4250-863D-185C4464606B}.Debug|Any CPU.Build.0 = Debug|Any CPU
		{94D7AC35-06D7-4250-863D-185C4464606B}.Release|Any CPU.ActiveCfg = Release|Any CPU
		{94D7AC35-06D7-4250-863D-185C4464606B}.Release|Any CPU.Build.0 = Release|Any CPU
		{1615BED1-E81A-464B-A5B2-FB30B4F299E8}.Debug|Any CPU.ActiveCfg = Debug|Any CPU
		{1615BED1-E81A-464B-A5B2-FB30B4F299E8}.Debug|Any CPU.Build.0 = Debug|Any CPU
		{1615BED1-E81A-464B-A5B2-FB30B4F299E8}.Release|Any CPU.ActiveCfg = Release|Any CPU
		{1615BED1-E81A-464B-A5B2-FB30B4F299E8}.Release|Any CPU.Build.0 = Release|Any CPU
		{A5CED1CE-3CE9-4FBC-8A54-ECF0AF63702D}.Debug|Any CPU.ActiveCfg = Debug|Any CPU
		{A5CED1CE-3CE9-4FBC-8A54-ECF0AF63702D}.Debug|Any CPU.Build.0 = Debug|Any CPU
		{A5CED1CE-3CE9-4FBC-8A54-ECF0AF63702D}.Release|Any CPU.ActiveCfg = Release|Any CPU
		{A5CED1CE-3CE9-4FBC-8A54-ECF0AF63702D}.Release|Any CPU.Build.0 = Release|Any CPU
		{3E096332-CC30-41E7-A363-8E0482B64636}.Debug|Any CPU.ActiveCfg = Debug|Any CPU
		{3E096332-CC30-41E7-A363-8E0482B64636}.Debug|Any CPU.Build.0 = Debug|Any CPU
		{3E096332-CC30-41E7-A363-8E0482B64636}.Release|Any CPU.ActiveCfg = Release|Any CPU
		{3E096332-CC30-41E7-A363-8E0482B64636}.Release|Any CPU.Build.0 = Release|Any CPU
		{B8F5E6D5-2B70-42D2-A128-5AB2FB2395F8}.Debug|Any CPU.ActiveCfg = Debug|Any CPU
		{B8F5E6D5-2B70-42D2-A128-5AB2FB2395F8}.Debug|Any CPU.Build.0 = Debug|Any CPU
		{B8F5E6D5-2B70-42D2-A128-5AB2FB2395F8}.Release|Any CPU.ActiveCfg = Release|Any CPU
		{B8F5E6D5-2B70-42D2-A128-5AB2FB2395F8}.Release|Any CPU.Build.0 = Release|Any CPU
		{EFCEB806-85EE-40BC-95FF-8E81F3C6B011}.Debug|Any CPU.ActiveCfg = Debug|Any CPU
		{EFCEB806-85EE-40BC-95FF-8E81F3C6B011}.Debug|Any CPU.Build.0 = Debug|Any CPU
		{EFCEB806-85EE-40BC-95FF-8E81F3C6B011}.Release|Any CPU.ActiveCfg = Release|Any CPU
		{EFCEB806-85EE-40BC-95FF-8E81F3C6B011}.Release|Any CPU.Build.0 = Release|Any CPU
		{B4C6F565-88B3-41A5-AEF6-3A2612E5736F}.Debug|Any CPU.ActiveCfg = Debug|Any CPU
		{B4C6F565-88B3-41A5-AEF6-3A2612E5736F}.Debug|Any CPU.Build.0 = Debug|Any CPU
		{B4C6F565-88B3-41A5-AEF6-3A2612E5736F}.Release|Any CPU.ActiveCfg = Release|Any CPU
		{B4C6F565-88B3-41A5-AEF6-3A2612E5736F}.Release|Any CPU.Build.0 = Release|Any CPU
		{85520B79-44DA-4FE1-B7EA-0C8D922E16AA}.Debug|Any CPU.ActiveCfg = Debug|Any CPU
		{85520B79-44DA-4FE1-B7EA-0C8D922E16AA}.Debug|Any CPU.Build.0 = Debug|Any CPU
		{85520B79-44DA-4FE1-B7EA-0C8D922E16AA}.Release|Any CPU.ActiveCfg = Release|Any CPU
		{85520B79-44DA-4FE1-B7EA-0C8D922E16AA}.Release|Any CPU.Build.0 = Release|Any CPU
		{44037891-0E84-446A-9AFA-218CD9DB9DA7}.Debug|Any CPU.ActiveCfg = Debug|Any CPU
		{44037891-0E84-446A-9AFA-218CD9DB9DA7}.Debug|Any CPU.Build.0 = Debug|Any CPU
		{44037891-0E84-446A-9AFA-218CD9DB9DA7}.Release|Any CPU.ActiveCfg = Release|Any CPU
		{44037891-0E84-446A-9AFA-218CD9DB9DA7}.Release|Any CPU.Build.0 = Release|Any CPU
		{5DF2ED5C-7900-4E3C-A7ED-DF4E2A2479C0}.Debug|Any CPU.ActiveCfg = Debug|Any CPU
		{5DF2ED5C-7900-4E3C-A7ED-DF4E2A2479C0}.Debug|Any CPU.Build.0 = Debug|Any CPU
		{5DF2ED5C-7900-4E3C-A7ED-DF4E2A2479C0}.Release|Any CPU.ActiveCfg = Release|Any CPU
		{5DF2ED5C-7900-4E3C-A7ED-DF4E2A2479C0}.Release|Any CPU.Build.0 = Release|Any CPU
		{E03A2703-FDB1-4CAA-93C6-CB042AA809A1}.Debug|Any CPU.ActiveCfg = Debug|Any CPU
		{E03A2703-FDB1-4CAA-93C6-CB042AA809A1}.Debug|Any CPU.Build.0 = Debug|Any CPU
		{E03A2703-FDB1-4CAA-93C6-CB042AA809A1}.Release|Any CPU.ActiveCfg = Release|Any CPU
		{E03A2703-FDB1-4CAA-93C6-CB042AA809A1}.Release|Any CPU.Build.0 = Release|Any CPU
		{25F9503E-8034-4BC9-B233-63DFD4E33B0A}.Debug|Any CPU.ActiveCfg = Debug|Any CPU
		{25F9503E-8034-4BC9-B233-63DFD4E33B0A}.Debug|Any CPU.Build.0 = Debug|Any CPU
		{25F9503E-8034-4BC9-B233-63DFD4E33B0A}.Release|Any CPU.ActiveCfg = Release|Any CPU
		{25F9503E-8034-4BC9-B233-63DFD4E33B0A}.Release|Any CPU.Build.0 = Release|Any CPU
		{1E1BF643-A25A-4F02-9904-88FA89EA667B}.Debug|Any CPU.ActiveCfg = Debug|Any CPU
		{1E1BF643-A25A-4F02-9904-88FA89EA667B}.Debug|Any CPU.Build.0 = Debug|Any CPU
		{1E1BF643-A25A-4F02-9904-88FA89EA667B}.Release|Any CPU.ActiveCfg = Release|Any CPU
		{1E1BF643-A25A-4F02-9904-88FA89EA667B}.Release|Any CPU.Build.0 = Release|Any CPU
		{20459FEE-2111-4421-9FF6-BCBA8A237F34}.Debug|Any CPU.ActiveCfg = Debug|Any CPU
		{20459FEE-2111-4421-9FF6-BCBA8A237F34}.Debug|Any CPU.Build.0 = Debug|Any CPU
		{20459FEE-2111-4421-9FF6-BCBA8A237F34}.Release|Any CPU.ActiveCfg = Release|Any CPU
		{20459FEE-2111-4421-9FF6-BCBA8A237F34}.Release|Any CPU.Build.0 = Release|Any CPU
		{F01465C0-E77A-4A0B-8A2E-70F030DF0703}.Debug|Any CPU.ActiveCfg = Debug|Any CPU
		{F01465C0-E77A-4A0B-8A2E-70F030DF0703}.Debug|Any CPU.Build.0 = Debug|Any CPU
		{F01465C0-E77A-4A0B-8A2E-70F030DF0703}.Release|Any CPU.ActiveCfg = Release|Any CPU
		{F01465C0-E77A-4A0B-8A2E-70F030DF0703}.Release|Any CPU.Build.0 = Release|Any CPU
	EndGlobalSection
	GlobalSection(SolutionProperties) = preSolution
		HideSolutionNode = FALSE
	EndGlobalSection
	GlobalSection(NestedProjects) = preSolution
		{5EF45533-E2C7-46F2-B4A3-B8F36CD406E0} = {F8845CCD-A7A6-4440-B74D-6E57FE9BE255}
		{B2984A6D-AD1C-4BE9-94AB-BA002B338751} = {F8845CCD-A7A6-4440-B74D-6E57FE9BE255}
		{47BCAA39-EDAD-4404-B6BD-4742B0ABB523} = {F8845CCD-A7A6-4440-B74D-6E57FE9BE255}
		{7AE8EA1F-6EFA-4653-A20C-EBE72B426581} = {29F8DA07-545F-4D8D-8673-2FBCECB7D152}
		{4B3AA399-AE4B-4641-9ECB-F665FC353804} = {29F8DA07-545F-4D8D-8673-2FBCECB7D152}
		{75CEC32A-E7DD-42C0-8029-96280F8AABE3} = {4B3AA399-AE4B-4641-9ECB-F665FC353804}
		{4F5FDE49-618A-4198-AF01-D592CB275FC9} = {4B3AA399-AE4B-4641-9ECB-F665FC353804}
		{2B8BD04D-057F-45B3-810D-D6116237AC23} = {4B3AA399-AE4B-4641-9ECB-F665FC353804}
		{56F0DEBA-F10B-4A67-959C-925F18DE9290} = {4B3AA399-AE4B-4641-9ECB-F665FC353804}
		{36A007B6-5FE4-4D20-B0AB-E89BAB244679} = {4B3AA399-AE4B-4641-9ECB-F665FC353804}
		{DC784A25-71CF-4C0A-86BA-47EF69B56D89} = {4B3AA399-AE4B-4641-9ECB-F665FC353804}
		{22F874B3-41CC-4758-8AFA-D591BDA0D9ED} = {4B3AA399-AE4B-4641-9ECB-F665FC353804}
		{5030683E-4012-495C-BA09-14373F9CDD82} = {75CEC32A-E7DD-42C0-8029-96280F8AABE3}
		{1FDF06C8-0BBB-4244-A965-DDA424CCD11C} = {75CEC32A-E7DD-42C0-8029-96280F8AABE3}
		{7AB34C36-FEF6-41B2-B0A1-EBCF6B801196} = {75CEC32A-E7DD-42C0-8029-96280F8AABE3}
		{027EE81E-A8F0-40C6-BEC8-A322AAE06F37} = {75CEC32A-E7DD-42C0-8029-96280F8AABE3}
		{CFCD965A-6A6F-4427-8B27-75E98E451601} = {75CEC32A-E7DD-42C0-8029-96280F8AABE3}
		{77A4026E-4988-4889-85BA-38AA1EDBA403} = {75CEC32A-E7DD-42C0-8029-96280F8AABE3}
		{3298FD1D-5809-45C5-8AA5-38B8D07F4B00} = {75CEC32A-E7DD-42C0-8029-96280F8AABE3}
		{3CE0FDCA-E30F-4C81-B18D-5EFA1B2DD0C1} = {75CEC32A-E7DD-42C0-8029-96280F8AABE3}
		{DC479C4A-59BC-4974-AAF1-B1FE80C10A67} = {75CEC32A-E7DD-42C0-8029-96280F8AABE3}
		{ADD31D03-2169-40AB-BA15-43E295EFCF0C} = {75CEC32A-E7DD-42C0-8029-96280F8AABE3}
		{370E84B3-3CCE-45AB-BB71-FC6B456950BF} = {75CEC32A-E7DD-42C0-8029-96280F8AABE3}
		{BE837E58-866F-4F8E-94B7-176C2663A3D4} = {75CEC32A-E7DD-42C0-8029-96280F8AABE3}
		{B1E20F3F-F507-4797-91C3-4918005DD0F5} = {75CEC32A-E7DD-42C0-8029-96280F8AABE3}
		{96042AFB-6F7F-4C17-B306-AFA47AB72611} = {75CEC32A-E7DD-42C0-8029-96280F8AABE3}
		{211F8F72-C7D8-4D45-A005-F4869215D909} = {75CEC32A-E7DD-42C0-8029-96280F8AABE3}
		{A526C718-B0F4-452B-8691-63792AFB667A} = {75CEC32A-E7DD-42C0-8029-96280F8AABE3}
		{19D5CE4E-D1A3-467F-874F-9462CCAEDF71} = {75CEC32A-E7DD-42C0-8029-96280F8AABE3}
		{ED7C7786-CEBD-4D58-A374-F43B6F8BD44A} = {75CEC32A-E7DD-42C0-8029-96280F8AABE3}
		{B78EEB7F-8F36-4378-94FF-5A2142A3150E} = {75CEC32A-E7DD-42C0-8029-96280F8AABE3}
		{5CDD4709-9C83-4298-B5BA-7C9DBCE80703} = {75CEC32A-E7DD-42C0-8029-96280F8AABE3}
		{3793E452-7BB7-4B9E-98C4-219A2562EAAE} = {75CEC32A-E7DD-42C0-8029-96280F8AABE3}
		{7E274A6D-1A37-4283-B162-5B43FD02FD0E} = {75CEC32A-E7DD-42C0-8029-96280F8AABE3}
		{BABFE182-7A59-4D7F-BD5C-782A19C424B7} = {75CEC32A-E7DD-42C0-8029-96280F8AABE3}
		{91C34B11-7A8C-49AB-95E1-F1AC8E3022CD} = {75CEC32A-E7DD-42C0-8029-96280F8AABE3}
		{38CDDC94-0087-4BA9-8853-F54513B2E299} = {4F5FDE49-618A-4198-AF01-D592CB275FC9}
		{9EF0503F-04E1-478A-8436-B9CAC19FA3CA} = {4F5FDE49-618A-4198-AF01-D592CB275FC9}
		{90A46D18-6A46-41FE-8420-04C505C745D7} = {4F5FDE49-618A-4198-AF01-D592CB275FC9}
		{10E9876B-E989-43E7-9F40-F771FC71C316} = {4F5FDE49-618A-4198-AF01-D592CB275FC9}
		{5B127EAA-2629-4258-ACA4-B9988DD473A6} = {4F5FDE49-618A-4198-AF01-D592CB275FC9}
		{00407ED9-87E2-46CF-A26E-68AB1960A5D8} = {4F5FDE49-618A-4198-AF01-D592CB275FC9}
		{6DAEF147-F851-43C4-8573-0FA329A1B5B6} = {4F5FDE49-618A-4198-AF01-D592CB275FC9}
		{DA5DAD98-C2AD-48B3-B906-EF4D4E017B36} = {4F5FDE49-618A-4198-AF01-D592CB275FC9}
		{94D7AC35-06D7-4250-863D-185C4464606B} = {4F5FDE49-618A-4198-AF01-D592CB275FC9}
		{1615BED1-E81A-464B-A5B2-FB30B4F299E8} = {4F5FDE49-618A-4198-AF01-D592CB275FC9}
		{A5CED1CE-3CE9-4FBC-8A54-ECF0AF63702D} = {4F5FDE49-618A-4198-AF01-D592CB275FC9}
		{3E096332-CC30-41E7-A363-8E0482B64636} = {4F5FDE49-618A-4198-AF01-D592CB275FC9}
		{B8F5E6D5-2B70-42D2-A128-5AB2FB2395F8} = {4F5FDE49-618A-4198-AF01-D592CB275FC9}
		{EFCEB806-85EE-40BC-95FF-8E81F3C6B011} = {2B8BD04D-057F-45B3-810D-D6116237AC23}
		{B4C6F565-88B3-41A5-AEF6-3A2612E5736F} = {56F0DEBA-F10B-4A67-959C-925F18DE9290}
		{85520B79-44DA-4FE1-B7EA-0C8D922E16AA} = {56F0DEBA-F10B-4A67-959C-925F18DE9290}
		{44037891-0E84-446A-9AFA-218CD9DB9DA7} = {56F0DEBA-F10B-4A67-959C-925F18DE9290}
		{5DF2ED5C-7900-4E3C-A7ED-DF4E2A2479C0} = {56F0DEBA-F10B-4A67-959C-925F18DE9290}
		{E03A2703-FDB1-4CAA-93C6-CB042AA809A1} = {56F0DEBA-F10B-4A67-959C-925F18DE9290}
		{25F9503E-8034-4BC9-B233-63DFD4E33B0A} = {56F0DEBA-F10B-4A67-959C-925F18DE9290}
		{1E1BF643-A25A-4F02-9904-88FA89EA667B} = {56F0DEBA-F10B-4A67-959C-925F18DE9290}
		{20459FEE-2111-4421-9FF6-BCBA8A237F34} = {56F0DEBA-F10B-4A67-959C-925F18DE9290}
		{F01465C0-E77A-4A0B-8A2E-70F030DF0703} = {56F0DEBA-F10B-4A67-959C-925F18DE9290}
	EndGlobalSection
	GlobalSection(ExtensibilityGlobals) = postSolution
		SolutionGuid = {B38D03FF-7755-42F9-8619-5E5C8D490F26}
	EndGlobalSection
EndGlobal
