
Microsoft Visual Studio Solution File, Format Version 12.00
# Visual Studio Version 16
VisualStudioVersion = 16.0.29209.62
MinimumVisualStudioVersion = 10.0.40219.1
Project("{2150E333-8FDC-42A3-9474-1A3956D46DE8}") = "SharpGL", "SharpGL", "{F8845CCD-A7A6-4440-B74D-6E57FE9BE255}"
EndProject
Project("{FAE04EC0-301F-11D3-BF4B-00C04F79EFBC}") = "SharpGL", "SharpGL\SharpGL\SharpGL.csproj", "{5EF45533-E2C7-46F2-B4A3-B8F36CD406E0}"
EndProject
Project("{FAE04EC0-301F-11D3-BF4B-00C04F79EFBC}") = "SharpGL.WinForms", "SharpGL\SharpGL.WinForms\SharpGL.WinForms.csproj", "{B2984A6D-AD1C-4BE9-94AB-BA002B338751}"
EndProject
Project("{FAE04EC0-301F-11D3-BF4B-00C04F79EFBC}") = "SharpGL.SceneGraph", "SharpGL\SharpGL.SceneGraph\SharpGL.SceneGraph.csproj", "{47BCAA39-EDAD-4404-B6BD-4742B0ABB523}"
EndProject
Project("{2150E333-8FDC-42A3-9474-1A3956D46DE8}") = "LearnOpenGL", "LearnOpenGL", "{29F8DA07-545F-4D8D-8673-2FBCECB7D152}"
EndProject
Project("{2150E333-8FDC-42A3-9474-1A3956D46DE8}") = "resources", "resources", "{7AE8EA1F-6EFA-4653-A20C-EBE72B426581}"
EndProject
Project("{2150E333-8FDC-42A3-9474-1A3956D46DE8}") = "src", "src", "{4B3AA399-AE4B-4641-9ECB-F665FC353804}"
EndProject
Project("{2150E333-8FDC-42A3-9474-1A3956D46DE8}") = "1.getting_started", "1.getting_started", "{75CEC32A-E7DD-42C0-8029-96280F8AABE3}"
EndProject
Project("{2150E333-8FDC-42A3-9474-1A3956D46DE8}") = "2.lighting", "2.lighting", "{4F5FDE49-618A-4198-AF01-D592CB275FC9}"
EndProject
Project("{2150E333-8FDC-42A3-9474-1A3956D46DE8}") = "3.model_loading", "3.model_loading", "{2B8BD04D-057F-45B3-810D-D6116237AC23}"
EndProject
Project("{2150E333-8FDC-42A3-9474-1A3956D46DE8}") = "4.advanced_opengl", "4.advanced_opengl", "{56F0DEBA-F10B-4A67-959C-925F18DE9290}"
EndProject
Project("{2150E333-8FDC-42A3-9474-1A3956D46DE8}") = "5.advanced_lighting", "5.advanced_lighting", "{36A007B6-5FE4-4D20-B0AB-E89BAB244679}"
EndProject
Project("{2150E333-8FDC-42A3-9474-1A3956D46DE8}") = "6.pbr", "6.pbr", "{DC784A25-71CF-4C0A-86BA-47EF69B56D89}"
EndProject
Project("{2150E333-8FDC-42A3-9474-1A3956D46DE8}") = "7.in_practice", "7.in_practice", "{22F874B3-41CC-4758-8AFA-D591BDA0D9ED}"
EndProject
Project("{FAE04EC0-301F-11D3-BF4B-00C04F79EFBC}") = "1.1.hello_window", "LearnOpenGL\src\1.getting_started\1.1.hello_window\1.1.hello_window.csproj", "{5030683E-4012-495C-BA09-14373F9CDD82}"
EndProject
Project("{FAE04EC0-301F-11D3-BF4B-00C04F79EFBC}") = "1.2.hello_window_clear", "LearnOpenGL\src\1.getting_started\1.2.hello_window_clear\1.2.hello_window_clear.csproj", "{1FDF06C8-0BBB-4244-A965-DDA424CCD11C}"
EndProject
Project("{FAE04EC0-301F-11D3-BF4B-00C04F79EFBC}") = "2.1.hello_triangle", "LearnOpenGL\src\1.getting_started\2.1.hello_triangle\2.1.hello_triangle.csproj", "{7AB34C36-FEF6-41B2-B0A1-EBCF6B801196}"
EndProject
Project("{FAE04EC0-301F-11D3-BF4B-00C04F79EFBC}") = "2.2.hello_triangle_indexed", "LearnOpenGL\src\1.getting_started\2.2.hello_triangle_indexed\2.2.hello_triangle_indexed.csproj", "{027EE81E-A8F0-40C6-BEC8-A322AAE06F37}"
EndProject
Project("{FAE04EC0-301F-11D3-BF4B-00C04F79EFBC}") = "2.3.hello_triangle_exercise1", "LearnOpenGL\src\1.getting_started\2.3.hello_triangle_exercise1\2.3.hello_triangle_exercise1.csproj", "{CFCD965A-6A6F-4427-8B27-75E98E451601}"
EndProject
Project("{FAE04EC0-301F-11D3-BF4B-00C04F79EFBC}") = "2.4.hello_triangle_exercise2", "LearnOpenGL\src\1.getting_started\2.4.hello_triangle_exercise2\2.4.hello_triangle_exercise2.csproj", "{77A4026E-4988-4889-85BA-38AA1EDBA403}"
EndProject
Project("{FAE04EC0-301F-11D3-BF4B-00C04F79EFBC}") = "2.5.hello_triangle_exercise3", "LearnOpenGL\src\1.getting_started\2.5.hello_triangle_exercise3\2.5.hello_triangle_exercise3.csproj", "{3298FD1D-5809-45C5-8AA5-38B8D07F4B00}"
EndProject
Project("{FAE04EC0-301F-11D3-BF4B-00C04F79EFBC}") = "3.1.shaders_uniform", "LearnOpenGL\src\1.getting_started\3.1.shaders_uniform\3.1.shaders_uniform.csproj", "{3CE0FDCA-E30F-4C81-B18D-5EFA1B2DD0C1}"
EndProject
Project("{FAE04EC0-301F-11D3-BF4B-00C04F79EFBC}") = "3.2.shaders_interpolation", "LearnOpenGL\src\1.getting_started\3.2.shaders_interpolation\3.2.shaders_interpolation.csproj", "{DC479C4A-59BC-4974-AAF1-B1FE80C10A67}"
EndProject
Project("{FAE04EC0-301F-11D3-BF4B-00C04F79EFBC}") = "3.3.shaders_class", "LearnOpenGL\src\1.getting_started\3.3.shaders_class\3.3.shaders_class.csproj", "{ADD31D03-2169-40AB-BA15-43E295EFCF0C}"
EndProject
Project("{FAE04EC0-301F-11D3-BF4B-00C04F79EFBC}") = "4.1.textures", "LearnOpenGL\src\1.getting_started\4.1.textures\4.1.textures.csproj", "{370E84B3-3CCE-45AB-BB71-FC6B456950BF}"
EndProject
Project("{FAE04EC0-301F-11D3-BF4B-00C04F79EFBC}") = "4.2.textures_combined", "LearnOpenGL\src\1.getting_started\4.2.textures_combined\4.2.textures_combined.csproj", "{BE837E58-866F-4F8E-94B7-176C2663A3D4}"
EndProject
Project("{FAE04EC0-301F-11D3-BF4B-00C04F79EFBC}") = "4.3.textures_exercise2", "LearnOpenGL\src\1.getting_started\4.3.textures_exercise2\4.3.textures_exercise2.csproj", "{B1E20F3F-F507-4797-91C3-4918005DD0F5}"
EndProject
Global
	GlobalSection(SolutionConfigurationPlatforms) = preSolution
		Debug|Any CPU = Debug|Any CPU
		Release|Any CPU = Release|Any CPU
	EndGlobalSection
	GlobalSection(ProjectConfigurationPlatforms) = postSolution
		{5EF45533-E2C7-46F2-B4A3-B8F36CD406E0}.Debug|Any CPU.ActiveCfg = Debug|Any CPU
		{5EF45533-E2C7-46F2-B4A3-B8F36CD406E0}.Debug|Any CPU.Build.0 = Debug|Any CPU
		{5EF45533-E2C7-46F2-B4A3-B8F36CD406E0}.Release|Any CPU.ActiveCfg = Release|Any CPU
		{5EF45533-E2C7-46F2-B4A3-B8F36CD406E0}.Release|Any CPU.Build.0 = Release|Any CPU
		{B2984A6D-AD1C-4BE9-94AB-BA002B338751}.Debug|Any CPU.ActiveCfg = Debug|Any CPU
		{B2984A6D-AD1C-4BE9-94AB-BA002B338751}.Debug|Any CPU.Build.0 = Debug|Any CPU
		{B2984A6D-AD1C-4BE9-94AB-BA002B338751}.Release|Any CPU.ActiveCfg = Release|Any CPU
		{B2984A6D-AD1C-4BE9-94AB-BA002B338751}.Release|Any CPU.Build.0 = Release|Any CPU
		{47BCAA39-EDAD-4404-B6BD-4742B0ABB523}.Debug|Any CPU.ActiveCfg = Debug|Any CPU
		{47BCAA39-EDAD-4404-B6BD-4742B0ABB523}.Debug|Any CPU.Build.0 = Debug|Any CPU
		{47BCAA39-EDAD-4404-B6BD-4742B0ABB523}.Release|Any CPU.ActiveCfg = Release|Any CPU
		{47BCAA39-EDAD-4404-B6BD-4742B0ABB523}.Release|Any CPU.Build.0 = Release|Any CPU
		{5030683E-4012-495C-BA09-14373F9CDD82}.Debug|Any CPU.ActiveCfg = Debug|Any CPU
		{5030683E-4012-495C-BA09-14373F9CDD82}.Debug|Any CPU.Build.0 = Debug|Any CPU
		{5030683E-4012-495C-BA09-14373F9CDD82}.Release|Any CPU.ActiveCfg = Release|Any CPU
		{5030683E-4012-495C-BA09-14373F9CDD82}.Release|Any CPU.Build.0 = Release|Any CPU
		{1FDF06C8-0BBB-4244-A965-DDA424CCD11C}.Debug|Any CPU.ActiveCfg = Debug|Any CPU
		{1FDF06C8-0BBB-4244-A965-DDA424CCD11C}.Debug|Any CPU.Build.0 = Debug|Any CPU
		{1FDF06C8-0BBB-4244-A965-DDA424CCD11C}.Release|Any CPU.ActiveCfg = Release|Any CPU
		{1FDF06C8-0BBB-4244-A965-DDA424CCD11C}.Release|Any CPU.Build.0 = Release|Any CPU
		{7AB34C36-FEF6-41B2-B0A1-EBCF6B801196}.Debug|Any CPU.ActiveCfg = Debug|Any CPU
		{7AB34C36-FEF6-41B2-B0A1-EBCF6B801196}.Debug|Any CPU.Build.0 = Debug|Any CPU
		{7AB34C36-FEF6-41B2-B0A1-EBCF6B801196}.Release|Any CPU.ActiveCfg = Release|Any CPU
		{7AB34C36-FEF6-41B2-B0A1-EBCF6B801196}.Release|Any CPU.Build.0 = Release|Any CPU
		{027EE81E-A8F0-40C6-BEC8-A322AAE06F37}.Debug|Any CPU.ActiveCfg = Debug|Any CPU
		{027EE81E-A8F0-40C6-BEC8-A322AAE06F37}.Debug|Any CPU.Build.0 = Debug|Any CPU
		{027EE81E-A8F0-40C6-BEC8-A322AAE06F37}.Release|Any CPU.ActiveCfg = Release|Any CPU
		{027EE81E-A8F0-40C6-BEC8-A322AAE06F37}.Release|Any CPU.Build.0 = Release|Any CPU
		{CFCD965A-6A6F-4427-8B27-75E98E451601}.Debug|Any CPU.ActiveCfg = Debug|Any CPU
		{CFCD965A-6A6F-4427-8B27-75E98E451601}.Debug|Any CPU.Build.0 = Debug|Any CPU
		{CFCD965A-6A6F-4427-8B27-75E98E451601}.Release|Any CPU.ActiveCfg = Release|Any CPU
		{CFCD965A-6A6F-4427-8B27-75E98E451601}.Release|Any CPU.Build.0 = Release|Any CPU
		{77A4026E-4988-4889-85BA-38AA1EDBA403}.Debug|Any CPU.ActiveCfg = Debug|Any CPU
		{77A4026E-4988-4889-85BA-38AA1EDBA403}.Debug|Any CPU.Build.0 = Debug|Any CPU
		{77A4026E-4988-4889-85BA-38AA1EDBA403}.Release|Any CPU.ActiveCfg = Release|Any CPU
		{77A4026E-4988-4889-85BA-38AA1EDBA403}.Release|Any CPU.Build.0 = Release|Any CPU
		{3298FD1D-5809-45C5-8AA5-38B8D07F4B00}.Debug|Any CPU.ActiveCfg = Debug|Any CPU
		{3298FD1D-5809-45C5-8AA5-38B8D07F4B00}.Debug|Any CPU.Build.0 = Debug|Any CPU
		{3298FD1D-5809-45C5-8AA5-38B8D07F4B00}.Release|Any CPU.ActiveCfg = Release|Any CPU
		{3298FD1D-5809-45C5-8AA5-38B8D07F4B00}.Release|Any CPU.Build.0 = Release|Any CPU
		{3CE0FDCA-E30F-4C81-B18D-5EFA1B2DD0C1}.Debug|Any CPU.ActiveCfg = Debug|Any CPU
		{3CE0FDCA-E30F-4C81-B18D-5EFA1B2DD0C1}.Debug|Any CPU.Build.0 = Debug|Any CPU
		{3CE0FDCA-E30F-4C81-B18D-5EFA1B2DD0C1}.Release|Any CPU.ActiveCfg = Release|Any CPU
		{3CE0FDCA-E30F-4C81-B18D-5EFA1B2DD0C1}.Release|Any CPU.Build.0 = Release|Any CPU
		{DC479C4A-59BC-4974-AAF1-B1FE80C10A67}.Debug|Any CPU.ActiveCfg = Debug|Any CPU
		{DC479C4A-59BC-4974-AAF1-B1FE80C10A67}.Debug|Any CPU.Build.0 = Debug|Any CPU
		{DC479C4A-59BC-4974-AAF1-B1FE80C10A67}.Release|Any CPU.ActiveCfg = Release|Any CPU
		{DC479C4A-59BC-4974-AAF1-B1FE80C10A67}.Release|Any CPU.Build.0 = Release|Any CPU
		{ADD31D03-2169-40AB-BA15-43E295EFCF0C}.Debug|Any CPU.ActiveCfg = Debug|Any CPU
		{ADD31D03-2169-40AB-BA15-43E295EFCF0C}.Debug|Any CPU.Build.0 = Debug|Any CPU
		{ADD31D03-2169-40AB-BA15-43E295EFCF0C}.Release|Any CPU.ActiveCfg = Release|Any CPU
		{ADD31D03-2169-40AB-BA15-43E295EFCF0C}.Release|Any CPU.Build.0 = Release|Any CPU
		{370E84B3-3CCE-45AB-BB71-FC6B456950BF}.Debug|Any CPU.ActiveCfg = Debug|Any CPU
		{370E84B3-3CCE-45AB-BB71-FC6B456950BF}.Debug|Any CPU.Build.0 = Debug|Any CPU
		{370E84B3-3CCE-45AB-BB71-FC6B456950BF}.Release|Any CPU.ActiveCfg = Release|Any CPU
		{370E84B3-3CCE-45AB-BB71-FC6B456950BF}.Release|Any CPU.Build.0 = Release|Any CPU
		{BE837E58-866F-4F8E-94B7-176C2663A3D4}.Debug|Any CPU.ActiveCfg = Debug|Any CPU
		{BE837E58-866F-4F8E-94B7-176C2663A3D4}.Debug|Any CPU.Build.0 = Debug|Any CPU
		{BE837E58-866F-4F8E-94B7-176C2663A3D4}.Release|Any CPU.ActiveCfg = Release|Any CPU
		{BE837E58-866F-4F8E-94B7-176C2663A3D4}.Release|Any CPU.Build.0 = Release|Any CPU
		{B1E20F3F-F507-4797-91C3-4918005DD0F5}.Debug|Any CPU.ActiveCfg = Debug|Any CPU
		{B1E20F3F-F507-4797-91C3-4918005DD0F5}.Debug|Any CPU.Build.0 = Debug|Any CPU
		{B1E20F3F-F507-4797-91C3-4918005DD0F5}.Release|Any CPU.ActiveCfg = Release|Any CPU
		{B1E20F3F-F507-4797-91C3-4918005DD0F5}.Release|Any CPU.Build.0 = Release|Any CPU
	EndGlobalSection
	GlobalSection(SolutionProperties) = preSolution
		HideSolutionNode = FALSE
	EndGlobalSection
	GlobalSection(NestedProjects) = preSolution
		{5EF45533-E2C7-46F2-B4A3-B8F36CD406E0} = {F8845CCD-A7A6-4440-B74D-6E57FE9BE255}
		{B2984A6D-AD1C-4BE9-94AB-BA002B338751} = {F8845CCD-A7A6-4440-B74D-6E57FE9BE255}
		{47BCAA39-EDAD-4404-B6BD-4742B0ABB523} = {F8845CCD-A7A6-4440-B74D-6E57FE9BE255}
		{7AE8EA1F-6EFA-4653-A20C-EBE72B426581} = {29F8DA07-545F-4D8D-8673-2FBCECB7D152}
		{4B3AA399-AE4B-4641-9ECB-F665FC353804} = {29F8DA07-545F-4D8D-8673-2FBCECB7D152}
		{75CEC32A-E7DD-42C0-8029-96280F8AABE3} = {4B3AA399-AE4B-4641-9ECB-F665FC353804}
		{4F5FDE49-618A-4198-AF01-D592CB275FC9} = {4B3AA399-AE4B-4641-9ECB-F665FC353804}
		{2B8BD04D-057F-45B3-810D-D6116237AC23} = {4B3AA399-AE4B-4641-9ECB-F665FC353804}
		{56F0DEBA-F10B-4A67-959C-925F18DE9290} = {4B3AA399-AE4B-4641-9ECB-F665FC353804}
		{36A007B6-5FE4-4D20-B0AB-E89BAB244679} = {4B3AA399-AE4B-4641-9ECB-F665FC353804}
		{DC784A25-71CF-4C0A-86BA-47EF69B56D89} = {4B3AA399-AE4B-4641-9ECB-F665FC353804}
		{22F874B3-41CC-4758-8AFA-D591BDA0D9ED} = {4B3AA399-AE4B-4641-9ECB-F665FC353804}
		{5030683E-4012-495C-BA09-14373F9CDD82} = {75CEC32A-E7DD-42C0-8029-96280F8AABE3}
		{1FDF06C8-0BBB-4244-A965-DDA424CCD11C} = {75CEC32A-E7DD-42C0-8029-96280F8AABE3}
		{7AB34C36-FEF6-41B2-B0A1-EBCF6B801196} = {75CEC32A-E7DD-42C0-8029-96280F8AABE3}
		{027EE81E-A8F0-40C6-BEC8-A322AAE06F37} = {75CEC32A-E7DD-42C0-8029-96280F8AABE3}
		{CFCD965A-6A6F-4427-8B27-75E98E451601} = {75CEC32A-E7DD-42C0-8029-96280F8AABE3}
		{77A4026E-4988-4889-85BA-38AA1EDBA403} = {75CEC32A-E7DD-42C0-8029-96280F8AABE3}
		{3298FD1D-5809-45C5-8AA5-38B8D07F4B00} = {75CEC32A-E7DD-42C0-8029-96280F8AABE3}
		{3CE0FDCA-E30F-4C81-B18D-5EFA1B2DD0C1} = {75CEC32A-E7DD-42C0-8029-96280F8AABE3}
		{DC479C4A-59BC-4974-AAF1-B1FE80C10A67} = {75CEC32A-E7DD-42C0-8029-96280F8AABE3}
		{ADD31D03-2169-40AB-BA15-43E295EFCF0C} = {75CEC32A-E7DD-42C0-8029-96280F8AABE3}
		{370E84B3-3CCE-45AB-BB71-FC6B456950BF} = {75CEC32A-E7DD-42C0-8029-96280F8AABE3}
		{BE837E58-866F-4F8E-94B7-176C2663A3D4} = {75CEC32A-E7DD-42C0-8029-96280F8AABE3}
		{B1E20F3F-F507-4797-91C3-4918005DD0F5} = {75CEC32A-E7DD-42C0-8029-96280F8AABE3}
	EndGlobalSection
	GlobalSection(ExtensibilityGlobals) = postSolution
		SolutionGuid = {B38D03FF-7755-42F9-8619-5E5C8D490F26}
	EndGlobalSection
EndGlobal
